{
  "name": "cloudflarescraper",
  "version": "1.0.0",
  "lockfileVersion": 3,
  "requires": true,
  "packages": {
    "": {
      "name": "cloudflarescraper",
      "version": "1.0.0",
      "license": "ISC",
      "dependencies": {
        "dotenv": "^16.5.0"
      },
      "devDependencies": {
        "@cloudflare/playwright": "^0.0.10"
      }
    },
    "node_modules/@cloudflare/playwright": {
      "version": "0.0.10",
      "resolved": "https://registry.npmjs.org/@cloudflare/playwright/-/playwright-0.0.10.tgz",
      "integrity": "sha512-phlOzpO5FLgXFbx20C2GyQonffpe+qdL/MSMOf7ryc3+WjEsRrr6zqVLVJJq9ZW4CEypee1e/wcUQ473srC2dA==",
      "dev": true,
      "license": "Apache-2.0"
    },
    "node_modules/dotenv": {
      "version": "16.5.0",
      "resolved": "https://registry.npmjs.org/dotenv/-/dotenv-16.5.0.tgz",
      "integrity": "sha512-m/C+AwOAr9/W1UOIZUo232ejMNnJAJtYQjUbHoNTBNTJSvqzzDh7vnrei3o3r3m9blf6ZoDkvcw0VmozNRFJxg==",
      "license": "BSD-2-Clause",
      "engines": {
        "node": ">=12"
      },
      "funding": {
        "url": "https://dotenvx.com"
      }
    }
  }
}
